// !$*UTF8*$!
{
	archiveVersion = 1;
	classes = {
	};
	objectVersion = 77;
	objects = {

/* Begin PBXBuildFile section */
		033AFCD02DA604D900C011CC /* StoreKit.framework in Frameworks */ = {isa = PBXBuildFile; fileRef = 033AFCCF2DA604D900C011CC /* StoreKit.framework */; };
		033AFCE02DA60EEB00C011CC /* AppSettings+CoreDataClass.swift in Sources */ = {isa = PBXBuildFile; fileRef = 033AFCDE2DA60EEB00C011CC /* AppSettings+CoreDataClass.swift */; };
		033AFCE12DA60EEB00C011CC /* AppSettings+CoreDataProperties.swift in Sources */ = {isa = PBXBuildFile; fileRef = 033AFCDF2DA60EEB00C011CC /* AppSettings+CoreDataProperties.swift */; };
/* End PBXBuildFile section */

/* Begin PBXContainerItemProxy section */
		033B06682D2679B10081FCB9 /* PBXContainerItemProxy */ = {
			isa = PBXContainerItemProxy;
			containerPortal = 033B064E2D2679B00081FCB9 /* Project object */;
			proxyType = 1;
			remoteGlobalIDString = 033B06552D2679B00081FCB9;
			remoteInfo = Pajero;
		};
		033B06722D2679B10081FCB9 /* PBXContainerItemProxy */ = {
			isa = PBXContainerItemProxy;
			containerPortal = 033B064E2D2679B00081FCB9 /* Project object */;
			proxyType = 1;
			remoteGlobalIDString = 033B06552D2679B00081FCB9;
			remoteInfo = Pajero;
		};
/* End PBXContainerItemProxy section */

/* Begin PBXFileReference section */
		033AFCCF2DA604D900C011CC /* StoreKit.framework */ = {isa = PBXFileReference; lastKnownFileType = wrapper.framework; name = StoreKit.framework; path = Platforms/iPhoneOS.platform/Developer/SDKs/iPhoneOS18.1.sdk/System/Library/Frameworks/StoreKit.framework; sourceTree = DEVELOPER_DIR; };
		033AFCDE2DA60EEB00C011CC /* AppSettings+CoreDataClass.swift */ = {isa = PBXFileReference; lastKnownFileType = sourcecode.swift; name = "AppSettings+CoreDataClass.swift"; path = "Pajero/Database/AppSettings+CoreDataClass.swift"; sourceTree = "<group>"; };
		033AFCDF2DA60EEB00C011CC /* AppSettings+CoreDataProperties.swift */ = {isa = PBXFileReference; lastKnownFileType = sourcecode.swift; name = "AppSettings+CoreDataProperties.swift"; path = "Pajero/Database/AppSettings+CoreDataProperties.swift"; sourceTree = "<group>"; };
		033B06562D2679B00081FCB9 /* Pajero.app */ = {isa = PBXFileReference; explicitFileType = wrapper.application; includeInIndex = 0; path = Pajero.app; sourceTree = BUILT_PRODUCTS_DIR; };
		033B06672D2679B10081FCB9 /* PajeroTests.xctest */ = {isa = PBXFileReference; explicitFileType = wrapper.cfbundle; includeInIndex = 0; path = PajeroTests.xctest; sourceTree = BUILT_PRODUCTS_DIR; };
		033B06712D2679B10081FCB9 /* PajeroUITests.xctest */ = {isa = PBXFileReference; explicitFileType = wrapper.cfbundle; includeInIndex = 0; path = PajeroUITests.xctest; sourceTree = BUILT_PRODUCTS_DIR; };
/* End PBXFileReference section */

/* Begin PBXFileSystemSynchronizedBuildFileExceptionSet section */
		035BDE3F2D4EFC3B0051FD94 /* Exceptions for "Pajero" folder in "Pajero" target */ = {
			isa = PBXFileSystemSynchronizedBuildFileExceptionSet;
			membershipExceptions = (
				Info.plist,
			);
			target = 033B06552D2679B00081FCB9 /* Pajero */;
		};
/* End PBXFileSystemSynchronizedBuildFileExceptionSet section */

/* Begin PBXFileSystemSynchronizedRootGroup section */
		033B06582D2679B00081FCB9 /* Pajero */ = {
			isa = PBXFileSystemSynchronizedRootGroup;
			exceptions = (
				035BDE3F2D4EFC3B0051FD94 /* Exceptions for "Pajero" folder in "Pajero" target */,
			);
			path = Pajero;
			sourceTree = "<group>";
		};
		033B066A2D2679B10081FCB9 /* PajeroTests */ = {
			isa = PBXFileSystemSynchronizedRootGroup;
			path = PajeroTests;
			sourceTree = "<group>";
		};
		033B06742D2679B10081FCB9 /* PajeroUITests */ = {
			isa = PBXFileSystemSynchronizedRootGroup;
			path = PajeroUITests;
			sourceTree = "<group>";
		};
/* End PBXFileSystemSynchronizedRootGroup section */

/* Begin PBXFrameworksBuildPhase section */
		033B06532D2679B00081FCB9 /* Frameworks */ = {
			isa = PBXFrameworksBuildPhase;
			buildActionMask = 2147483647;
			files = (
				033AFCD02DA604D900C011CC /* StoreKit.framework in Frameworks */,
			);
			runOnlyForDeploymentPostprocessing = 0;
		};
		033B06642D2679B10081FCB9 /* Frameworks */ = {
			isa = PBXFrameworksBuildPhase;
			buildActionMask = 2147483647;
			files = (
			);
			runOnlyForDeploymentPostprocessing = 0;
		};
		033B066E2D2679B10081FCB9 /* Frameworks */ = {
			isa = PBXFrameworksBuildPhase;
			buildActionMask = 2147483647;
			files = (
			);
			runOnlyForDeploymentPostprocessing = 0;
		};
/* End PBXFrameworksBuildPhase section */

/* Begin PBXGroup section */
		033AFCCE2DA604D900C011CC /* Frameworks */ = {
			isa = PBXGroup;
			children = (
				033AFCCF2DA604D900C011CC /* StoreKit.framework */,
			);
			name = Frameworks;
			sourceTree = "<group>";
		};
		033B064D2D2679B00081FCB9 = {
			isa = PBXGroup;
			children = (
				033AFCDE2DA60EEB00C011CC /* AppSettings+CoreDataClass.swift */,
				033AFCDF2DA60EEB00C011CC /* AppSettings+CoreDataProperties.swift */,
				033B06582D2679B00081FCB9 /* Pajero */,
				033B066A2D2679B10081FCB9 /* PajeroTests */,
				033B06742D2679B10081FCB9 /* PajeroUITests */,
				033AFCCE2DA604D900C011CC /* Frameworks */,
				033B06572D2679B00081FCB9 /* Products */,
			);
			sourceTree = "<group>";
		};
		033B06572D2679B00081FCB9 /* Products */ = {
			isa = PBXGroup;
			children = (
				033B06562D2679B00081FCB9 /* Pajero.app */,
				033B06672D2679B10081FCB9 /* PajeroTests.xctest */,
				033B06712D2679B10081FCB9 /* PajeroUITests.xctest */,
			);
			name = Products;
			sourceTree = "<group>";
		};
/* End PBXGroup section */

/* Begin PBXNativeTarget section */
		033B06552D2679B00081FCB9 /* Pajero */ = {
			isa = PBXNativeTarget;
			buildConfigurationList = 033B067B2D2679B10081FCB9 /* Build configuration list for PBXNativeTarget "Pajero" */;
			buildPhases = (
				033B06522D2679B00081FCB9 /* Sources */,
				033B06532D2679B00081FCB9 /* Frameworks */,
				033B06542D2679B00081FCB9 /* Resources */,
			);
			buildRules = (
			);
			dependencies = (
			);
			fileSystemSynchronizedGroups = (
				033B06582D2679B00081FCB9 /* Pajero */,
			);
			name = Pajero;
			packageProductDependencies = (
			);
			productName = Pajero;
			productReference = 033B06562D2679B00081FCB9 /* Pajero.app */;
			productType = "com.apple.product-type.application";
		};
		033B06662D2679B10081FCB9 /* PajeroTests */ = {
			isa = PBXNativeTarget;
			buildConfigurationList = 033B067E2D2679B10081FCB9 /* Build configuration list for PBXNativeTarget "PajeroTests" */;
			buildPhases = (
				033B06632D2679B10081FCB9 /* Sources */,
				033B06642D2679B10081FCB9 /* Frameworks */,
				033B06652D2679B10081FCB9 /* Resources */,
			);
			buildRules = (
			);
			dependencies = (
				033B06692D2679B10081FCB9 /* PBXTargetDependency */,
			);
			fileSystemSynchronizedGroups = (
				033B066A2D2679B10081FCB9 /* PajeroTests */,
			);
			name = PajeroTests;
			packageProductDependencies = (
			);
			productName = PajeroTests;
			productReference = 033B06672D2679B10081FCB9 /* PajeroTests.xctest */;
			productType = "com.apple.product-type.bundle.unit-test";
		};
		033B06702D2679B10081FCB9 /* PajeroUITests */ = {
			isa = PBXNativeTarget;
			buildConfigurationList = 033B06812D2679B10081FCB9 /* Build configuration list for PBXNativeTarget "PajeroUITests" */;
			buildPhases = (
				033B066D2D2679B10081FCB9 /* Sources */,
				033B066E2D2679B10081FCB9 /* Frameworks */,
				033B066F2D2679B10081FCB9 /* Resources */,
			);
			buildRules = (
			);
			dependencies = (
				033B06732D2679B10081FCB9 /* PBXTargetDependency */,
			);
			fileSystemSynchronizedGroups = (
				033B06742D2679B10081FCB9 /* PajeroUITests */,
			);
			name = PajeroUITests;
			packageProductDependencies = (
			);
			productName = PajeroUITests;
			productReference = 033B06712D2679B10081FCB9 /* PajeroUITests.xctest */;
			productType = "com.apple.product-type.bundle.ui-testing";
		};
/* End PBXNativeTarget section */

/* Begin PBXProject section */
		033B064E2D2679B00081FCB9 /* Project object */ = {
			isa = PBXProject;
			attributes = {
				BuildIndependentTargetsInParallel = 1;
				LastSwiftUpdateCheck = 1610;
				LastUpgradeCheck = 1610;
				TargetAttributes = {
					033B06552D2679B00081FCB9 = {
						CreatedOnToolsVersion = 16.1;
					};
					033B06662D2679B10081FCB9 = {
						CreatedOnToolsVersion = 16.1;
						TestTargetID = 033B06552D2679B00081FCB9;
					};
					033B06702D2679B10081FCB9 = {
						CreatedOnToolsVersion = 16.1;
						TestTargetID = 033B06552D2679B00081FCB9;
					};
				};
			};
			buildConfigurationList = 033B06512D2679B00081FCB9 /* Build configuration list for PBXProject "Pajero" */;
			developmentRegion = en;
			hasScannedForEncodings = 0;
			knownRegions = (
				en,
				Base,
			);
			mainGroup = 033B064D2D2679B00081FCB9;
			minimizedProjectReferenceProxies = 1;
			packageReferences = (
				034951212EC0740900DABAE1 /* XCLocalSwiftPackageReference "../../../Downloads/PopupView-4.1.15" */,
			);
			preferredProjectObjectVersion = 77;
			productRefGroup = 033B06572D2679B00081FCB9 /* Products */;
			projectDirPath = "";
			projectRoot = "";
			targets = (
				033B06552D2679B00081FCB9 /* Pajero */,
				033B06662D2679B10081FCB9 /* PajeroTests */,
				033B06702D2679B10081FCB9 /* PajeroUITests */,
			);
		};
/* End PBXProject section */

/* Begin PBXResourcesBuildPhase section */
		033B06542D2679B00081FCB9 /* Resources */ = {
			isa = PBXResourcesBuildPhase;
			buildActionMask = 2147483647;
			files = (
			);
			runOnlyForDeploymentPostprocessing = 0;
		};
		033B06652D2679B10081FCB9 /* Resources */ = {
			isa = PBXResourcesBuildPhase;
			buildActionMask = 2147483647;
			files = (
			);
			runOnlyForDeploymentPostprocessing = 0;
		};
		033B066F2D2679B10081FCB9 /* Resources */ = {
			isa = PBXResourcesBuildPhase;
			buildActionMask = 2147483647;
			files = (
			);
			runOnlyForDeploymentPostprocessing = 0;
		};
/* End PBXResourcesBuildPhase section */

/* Begin PBXSourcesBuildPhase section */
		033B06522D2679B00081FCB9 /* Sources */ = {
			isa = PBXSourcesBuildPhase;
			buildActionMask = 2147483647;
			files = (
				033AFCE02DA60EEB00C011CC /* AppSettings+CoreDataClass.swift in Sources */,
				033AFCE12DA60EEB00C011CC /* AppSettings+CoreDataProperties.swift in Sources */,
			);
			runOnlyForDeploymentPostprocessing = 0;
		};
		033B06632D2679B10081FCB9 /* Sources */ = {
			isa = PBXSourcesBuildPhase;
			buildActionMask = 2147483647;
			files = (
			);
			runOnlyForDeploymentPostprocessing = 0;
		};
		033B066D2D2679B10081FCB9 /* Sources */ = {
			isa = PBXSourcesBuildPhase;
			buildActionMask = 2147483647;
			files = (
			);
			runOnlyForDeploymentPostprocessing = 0;
		};
/* End PBXSourcesBuildPhase section */

/* Begin PBXTargetDependency section */
		033B06692D2679B10081FCB9 /* PBXTargetDependency */ = {
			isa = PBXTargetDependency;
			target = 033B06552D2679B00081FCB9 /* Pajero */;
			targetProxy = 033B06682D2679B10081FCB9 /* PBXContainerItemProxy */;
		};
		033B06732D2679B10081FCB9 /* PBXTargetDependency */ = {
			isa = PBXTargetDependency;
			target = 033B06552D2679B00081FCB9 /* Pajero */;
			targetProxy = 033B06722D2679B10081FCB9 /* PBXContainerItemProxy */;
		};
/* End PBXTargetDependency section */

/* Begin XCBuildConfiguration section */
		033B06792D2679B10081FCB9 /* Debug */ = {
			isa = XCBuildConfiguration;
			buildSettings = {
				ALWAYS_SEARCH_USER_PATHS = NO;
				ASSETCATALOG_COMPILER_ALTERNATE_APPICON_NAMES = "MitsubishiIcon default ToyotaIcon";
				ASSETCATALOG_COMPILER_APPICON_NAME = AppIcon;
				ASSETCATALOG_COMPILER_GENERATE_SWIFT_ASSET_SYMBOL_EXTENSIONS = YES;
				ASSETCATALOG_COMPILER_INCLUDE_ALL_APPICON_ASSETS = YES;
				CLANG_ANALYZER_NONNULL = YES;
				CLANG_ANALYZER_NUMBER_OBJECT_CONVERSION = YES_AGGRESSIVE;
				CLANG_CXX_LANGUAGE_STANDARD = "gnu++20";
				CLANG_ENABLE_MODULES = YES;
				CLANG_ENABLE_OBJC_ARC = YES;
				CLANG_ENABLE_OBJC_WEAK = YES;
				CLANG_WARN_BLOCK_CAPTURE_AUTORELEASING = YES;
				CLANG_WARN_BOOL_CONVERSION = YES;
				CLANG_WARN_COMMA = YES;
				CLANG_WARN_CONSTANT_CONVERSION = YES;
				CLANG_WARN_DEPRECATED_OBJC_IMPLEMENTATIONS = YES;
				CLANG_WARN_DIRECT_OBJC_ISA_USAGE = YES_ERROR;
				CLANG_WARN_DOCUMENTATION_COMMENTS = YES;
				CLANG_WARN_EMPTY_BODY = YES;
				CLANG_WARN_ENUM_CONVERSION = YES;
				CLANG_WARN_INFINITE_RECURSION = YES;
				CLANG_WARN_INT_CONVERSION = YES;
				CLANG_WARN_NON_LITERAL_NULL_CONVERSION = YES;
				CLANG_WARN_OBJC_IMPLICIT_RETAIN_SELF = YES;
				CLANG_WARN_OBJC_LITERAL_CONVERSION = YES;
				CLANG_WARN_OBJC_ROOT_CLASS = YES_ERROR;
				CLANG_WARN_QUOTED_INCLUDE_IN_FRAMEWORK_HEADER = YES;
				CLANG_WARN_RANGE_LOOP_ANALYSIS = YES;
				CLANG_WARN_STRICT_PROTOTYPES = YES;
				CLANG_WARN_SUSPICIOUS_MOVE = YES;
				CLANG_WARN_UNGUARDED_AVAILABILITY = YES_AGGRESSIVE;
				CLANG_WARN_UNREACHABLE_CODE = YES;
				CLANG_WARN__DUPLICATE_METHOD_MATCH = YES;
				COPY_PHASE_STRIP = NO;
				DEBUG_INFORMATION_FORMAT = dwarf;
				ENABLE_STRICT_OBJC_MSGSEND = YES;
				ENABLE_TESTABILITY = YES;
				ENABLE_USER_SCRIPT_SANDBOXING = YES;
				GCC_C_LANGUAGE_STANDARD = gnu17;
				GCC_DYNAMIC_NO_PIC = NO;
				GCC_NO_COMMON_BLOCKS = YES;
				GCC_OPTIMIZATION_LEVEL = 0;
				GCC_PREPROCESSOR_DEFINITIONS = (
					"DEBUG=1",
					"$(inherited)",
				);
				GCC_WARN_64_TO_32_BIT_CONVERSION = YES;
				GCC_WARN_ABOUT_RETURN_TYPE = YES_ERROR;
				GCC_WARN_UNDECLARED_SELECTOR = YES;
				GCC_WARN_UNINITIALIZED_AUTOS = YES_AGGRESSIVE;
				GCC_WARN_UNUSED_FUNCTION = YES;
				GCC_WARN_UNUSED_VARIABLE = YES;
				LOCALIZATION_PREFERS_STRING_CATALOGS = YES;
				MTL_ENABLE_DEBUG_INFO = INCLUDE_SOURCE;
				MTL_FAST_MATH = YES;
				ONLY_ACTIVE_ARCH = YES;
				SUPPORTED_PLATFORMS = "iphonesimulator iphoneos";
				SWIFT_ACTIVE_COMPILATION_CONDITIONS = "DEBUG $(inherited)";
				SWIFT_OPTIMIZATION_LEVEL = "-Onone";
			};
			name = Debug;
		};
		033B067A2D2679B10081FCB9 /* Release */ = {
			isa = XCBuildConfiguration;
			buildSettings = {
				ALWAYS_SEARCH_USER_PATHS = NO;
				ASSETCATALOG_COMPILER_ALTERNATE_APPICON_NAMES = "MitsubishiIcon default ToyotaIcon";
				"ASSETCATALOG_COMPILER_ALTERNATE_APPICON_NAMES[sdk=*]" = "";
				ASSETCATALOG_COMPILER_APPICON_NAME = AppIcon;
				ASSETCATALOG_COMPILER_GENERATE_SWIFT_ASSET_SYMBOL_EXTENSIONS = YES;
				ASSETCATALOG_COMPILER_INCLUDE_ALL_APPICON_ASSETS = YES;
				CLANG_ANALYZER_NONNULL = YES;
				CLANG_ANALYZER_NUMBER_OBJECT_CONVERSION = YES_AGGRESSIVE;
				CLANG_CXX_LANGUAGE_STANDARD = "gnu++20";
				CLANG_ENABLE_MODULES = YES;
				CLANG_ENABLE_OBJC_ARC = YES;
				CLANG_ENABLE_OBJC_WEAK = YES;
				CLANG_WARN_BLOCK_CAPTURE_AUTORELEASING = YES;
				CLANG_WARN_BOOL_CONVERSION = YES;
				CLANG_WARN_COMMA = YES;
				CLANG_WARN_CONSTANT_CONVERSION = YES;
				CLANG_WARN_DEPRECATED_OBJC_IMPLEMENTATIONS = YES;
				CLANG_WARN_DIRECT_OBJC_ISA_USAGE = YES_ERROR;
				CLANG_WARN_DOCUMENTATION_COMMENTS = YES;
				CLANG_WARN_EMPTY_BODY = YES;
				CLANG_WARN_ENUM_CONVERSION = YES;
				CLANG_WARN_INFINITE_RECURSION = YES;
				CLANG_WARN_INT_CONVERSION = YES;
				CLANG_WARN_NON_LITERAL_NULL_CONVERSION = YES;
				CLANG_WARN_OBJC_IMPLICIT_RETAIN_SELF = YES;
				CLANG_WARN_OBJC_LITERAL_CONVERSION = YES;
				CLANG_WARN_OBJC_ROOT_CLASS = YES_ERROR;
				CLANG_WARN_QUOTED_INCLUDE_IN_FRAMEWORK_HEADER = YES;
				CLANG_WARN_RANGE_LOOP_ANALYSIS = YES;
				CLANG_WARN_STRICT_PROTOTYPES = YES;
				CLANG_WARN_SUSPICIOUS_MOVE = YES;
				CLANG_WARN_UNGUARDED_AVAILABILITY = YES_AGGRESSIVE;
				CLANG_WARN_UNREACHABLE_CODE = YES;
				CLANG_WARN__DUPLICATE_METHOD_MATCH = YES;
				COPY_PHASE_STRIP = NO;
				DEBUG_INFORMATION_FORMAT = "dwarf-with-dsym";
				ENABLE_NS_ASSERTIONS = NO;
				ENABLE_STRICT_OBJC_MSGSEND = YES;
				ENABLE_USER_SCRIPT_SANDBOXING = YES;
				GCC_C_LANGUAGE_STANDARD = gnu17;
				GCC_NO_COMMON_BLOCKS = YES;
				GCC_WARN_64_TO_32_BIT_CONVERSION = YES;
				GCC_WARN_ABOUT_RETURN_TYPE = YES_ERROR;
				GCC_WARN_UNDECLARED_SELECTOR = YES;
				GCC_WARN_UNINITIALIZED_AUTOS = YES_AGGRESSIVE;
				GCC_WARN_UNUSED_FUNCTION = YES;
				GCC_WARN_UNUSED_VARIABLE = YES;
				LOCALIZATION_PREFERS_STRING_CATALOGS = YES;
				MTL_ENABLE_DEBUG_INFO = NO;
				MTL_FAST_MATH = YES;
				SUPPORTED_PLATFORMS = "iphonesimulator iphoneos";
				SWIFT_COMPILATION_MODE = wholemodule;
			};
			name = Release;
		};
		033B067C2D2679B10081FCB9 /* Debug */ = {
			isa = XCBuildConfiguration;
			buildSettings = {
				ASSETCATALOG_COMPILER_APPICON_NAME = defaultIcon;
				ASSETCATALOG_COMPILER_GLOBAL_ACCENT_COLOR_NAME = AccentColor;
				CODE_SIGN_ENTITLEMENTS = Pajero/Pajero.entitlements;
				CODE_SIGN_IDENTITY = "Apple Development";
				CODE_SIGN_STYLE = Automatic;
				CURRENT_PROJECT_VERSION = 1;
				DEVELOPMENT_ASSET_PATHS = "";
				DEVELOPMENT_TEAM = 4Y4AD7CGLY;
				ENABLE_HARDENED_RUNTIME = YES;
				ENABLE_PREVIEWS = YES;
				GENERATE_INFOPLIST_FILE = YES;
				INFOPLIST_FILE = Pajero/Info.plist;
				INFOPLIST_KEY_CFBundleDisplayName = "Car Remote";
				INFOPLIST_KEY_NSFaceIDUsageDescription = "We need to check it is you";
				INFOPLIST_KEY_NSLocationWhenInUseUsageDescription = "We need your location to show you on the map and provide accurate navigation.";
				INFOPLIST_KEY_UIApplicationSceneManifest_Generation = YES;
				"INFOPLIST_KEY_UIApplicationSceneManifest_Generation[sdk=iphoneos*]" = YES;
				"INFOPLIST_KEY_UIApplicationSceneManifest_Generation[sdk=iphonesimulator*]" = YES;
				INFOPLIST_KEY_UIApplicationSupportsIndirectInputEvents = YES;
				"INFOPLIST_KEY_UIApplicationSupportsIndirectInputEvents[sdk=iphoneos*]" = YES;
				"INFOPLIST_KEY_UIApplicationSupportsIndirectInputEvents[sdk=iphonesimulator*]" = YES;
				INFOPLIST_KEY_UILaunchScreen_Generation = YES;
				"INFOPLIST_KEY_UILaunchScreen_Generation[sdk=iphoneos*]" = YES;
				"INFOPLIST_KEY_UILaunchScreen_Generation[sdk=iphonesimulator*]" = YES;
				INFOPLIST_KEY_UIStatusBarStyle = UIStatusBarStyleDefault;
				"INFOPLIST_KEY_UIStatusBarStyle[sdk=iphoneos*]" = UIStatusBarStyleDefault;
				"INFOPLIST_KEY_UIStatusBarStyle[sdk=iphonesimulator*]" = UIStatusBarStyleDefault;
				INFOPLIST_KEY_UISupportedInterfaceOrientations_iPad = "UIInterfaceOrientationPortrait UIInterfaceOrientationPortraitUpsideDown UIInterfaceOrientationLandscapeLeft UIInterfaceOrientationLandscapeRight";
				INFOPLIST_KEY_UISupportedInterfaceOrientations_iPhone = "UIInterfaceOrientationPortrait UIInterfaceOrientationLandscapeLeft UIInterfaceOrientationLandscapeRight";
				IPHONEOS_DEPLOYMENT_TARGET = 16.6;
				LD_RUNPATH_SEARCH_PATHS = "@executable_path/Frameworks";
				"LD_RUNPATH_SEARCH_PATHS[sdk=macosx*]" = "@executable_path/../Frameworks";
				MACOSX_DEPLOYMENT_TARGET = 15.1;
				MARKETING_VERSION = 1.0;
				NEW_SETTING = "";
				PRODUCT_BUNDLE_IDENTIFIER = com.aidenw.Pajero;
				PRODUCT_NAME = "$(TARGET_NAME)";
				PROVISIONING_PROFILE_SPECIFIER = "";
				SDKROOT = iphoneos;
				SUPPORTED_PLATFORMS = "iphonesimulator iphoneos";
				SWIFT_EMIT_LOC_STRINGS = YES;
				SWIFT_VERSION = 5.0;
				TARGETED_DEVICE_FAMILY = "1,2,7";
				XROS_DEPLOYMENT_TARGET = 2.1;
			};
			name = Debug;
		};
		033B067D2D2679B10081FCB9 /* Release */ = {
			isa = XCBuildConfiguration;
			buildSettings = {
				ASSETCATALOG_COMPILER_APPICON_NAME = defaultIcon;
				ASSETCATALOG_COMPILER_GLOBAL_ACCENT_COLOR_NAME = AccentColor;
				CODE_SIGN_ENTITLEMENTS = Pajero/PajeroRelease.entitlements;
				CODE_SIGN_IDENTITY = "Apple Development";
				CODE_SIGN_STYLE = Automatic;
				CURRENT_PROJECT_VERSION = 1;
				DEVELOPMENT_ASSET_PATHS = "";
				DEVELOPMENT_TEAM = 4Y4AD7CGLY;
				ENABLE_HARDENED_RUNTIME = YES;
				ENABLE_PREVIEWS = YES;
				GENERATE_INFOPLIST_FILE = YES;
				INFOPLIST_FILE = Pajero/Info.plist;
				INFOPLIST_KEY_CFBundleDisplayName = "Car Remote";
				INFOPLIST_KEY_NSFaceIDUsageDescription = "We need to check it is you";
				INFOPLIST_KEY_NSLocationWhenInUseUsageDescription = "We need your location to show you on the map and provide accurate navigation.";
				INFOPLIST_KEY_UIApplicationSceneManifest_Generation = YES;
				"INFOPLIST_KEY_UIApplicationSceneManifest_Generation[sdk=iphoneos*]" = YES;
				"INFOPLIST_KEY_UIApplicationSceneManifest_Generation[sdk=iphonesimulator*]" = YES;
				INFOPLIST_KEY_UIApplicationSupportsIndirectInputEvents = YES;
				"INFOPLIST_KEY_UIApplicationSupportsIndirectInputEvents[sdk=iphoneos*]" = YES;
				"INFOPLIST_KEY_UIApplicationSupportsIndirectInputEvents[sdk=iphonesimulator*]" = YES;
				INFOPLIST_KEY_UILaunchScreen_Generation = YES;
				"INFOPLIST_KEY_UILaunchScreen_Generation[sdk=iphoneos*]" = YES;
				"INFOPLIST_KEY_UILaunchScreen_Generation[sdk=iphonesimulator*]" = YES;
				INFOPLIST_KEY_UIStatusBarStyle = UIStatusBarStyleDefault;
				"INFOPLIST_KEY_UIStatusBarStyle[sdk=iphoneos*]" = UIStatusBarStyleDefault;
				"INFOPLIST_KEY_UIStatusBarStyle[sdk=iphonesimulator*]" = UIStatusBarStyleDefault;
				INFOPLIST_KEY_UISupportedInterfaceOrientations_iPad = "UIInterfaceOrientationPortrait UIInterfaceOrientationPortraitUpsideDown UIInterfaceOrientationLandscapeLeft UIInterfaceOrientationLandscapeRight";
				INFOPLIST_KEY_UISupportedInterfaceOrientations_iPhone = "UIInterfaceOrientationPortrait UIInterfaceOrientationLandscapeLeft UIInterfaceOrientationLandscapeRight";
				IPHONEOS_DEPLOYMENT_TARGET = 16.6;
				LD_RUNPATH_SEARCH_PATHS = "@executable_path/Frameworks";
				"LD_RUNPATH_SEARCH_PATHS[sdk=macosx*]" = "@executable_path/../Frameworks";
				MACOSX_DEPLOYMENT_TARGET = 15.1;
				MARKETING_VERSION = 1.0;
				NEW_SETTING = "";
				PRODUCT_BUNDLE_IDENTIFIER = com.aidenw.Pajero;
				PRODUCT_NAME = "$(TARGET_NAME)";
				PROVISIONING_PROFILE_SPECIFIER = "";
				SDKROOT = iphoneos;
				SUPPORTED_PLATFORMS = "iphonesimulator iphoneos";
				SWIFT_EMIT_LOC_STRINGS = YES;
				SWIFT_VERSION = 5.0;
				TARGETED_DEVICE_FAMILY = "1,2,7";
				XROS_DEPLOYMENT_TARGET = 2.1;
			};
			name = Release;
		};
		033B067F2D2679B10081FCB9 /* Debug */ = {
			isa = XCBuildConfiguration;
			buildSettings = {
				BUNDLE_LOADER = "$(TEST_HOST)";
				CODE_SIGN_STYLE = Automatic;
				CURRENT_PROJECT_VERSION = 1;
				DEVELOPMENT_TEAM = 4Y4AD7CGLY;
				GENERATE_INFOPLIST_FILE = YES;
				IPHONEOS_DEPLOYMENT_TARGET = 18.1;
				MACOSX_DEPLOYMENT_TARGET = 15.1;
				MARKETING_VERSION = 1.0;
				PRODUCT_BUNDLE_IDENTIFIER = com.aidenw.PajeroTests;
				PRODUCT_NAME = "$(TARGET_NAME)";
				SDKROOT = auto;
				SUPPORTED_PLATFORMS = "iphoneos iphonesimulator macosx xros xrsimulator";
				SWIFT_EMIT_LOC_STRINGS = NO;
				SWIFT_VERSION = 5.0;
				TARGETED_DEVICE_FAMILY = "1,2,7";
				TEST_HOST = "$(BUILT_PRODUCTS_DIR)/Pajero.app/$(BUNDLE_EXECUTABLE_FOLDER_PATH)/Pajero";
				XROS_DEPLOYMENT_TARGET = 2.1;
			};
			name = Debug;
		};
		033B06802D2679B10081FCB9 /* Release */ = {
			isa = XCBuildConfiguration;
			buildSettings = {
				BUNDLE_LOADER = "$(TEST_HOST)";
				CODE_SIGN_STYLE = Automatic;
				CURRENT_PROJECT_VERSION = 1;
				DEVELOPMENT_TEAM = 4Y4AD7CGLY;
				GENERATE_INFOPLIST_FILE = YES;
				IPHONEOS_DEPLOYMENT_TARGET = 18.1;
				MACOSX_DEPLOYMENT_TARGET = 15.1;
				MARKETING_VERSION = 1.0;
				PRODUCT_BUNDLE_IDENTIFIER = com.aidenw.PajeroTests;
				PRODUCT_NAME = "$(TARGET_NAME)";
				SDKROOT = auto;
				SUPPORTED_PLATFORMS = "iphoneos iphonesimulator macosx xros xrsimulator";
				SWIFT_EMIT_LOC_STRINGS = NO;
				SWIFT_VERSION = 5.0;
				TARGETED_DEVICE_FAMILY = "1,2,7";
				TEST_HOST = "$(BUILT_PRODUCTS_DIR)/Pajero.app/$(BUNDLE_EXECUTABLE_FOLDER_PATH)/Pajero";
				XROS_DEPLOYMENT_TARGET = 2.1;
			};
			name = Release;
		};
		033B06822D2679B10081FCB9 /* Debug */ = {
			isa = XCBuildConfiguration;
			buildSettings = {
				CODE_SIGN_STYLE = Automatic;
				CURRENT_PROJECT_VERSION = 1;
				DEVELOPMENT_TEAM = 4Y4AD7CGLY;
				GENERATE_INFOPLIST_FILE = YES;
				IPHONEOS_DEPLOYMENT_TARGET = 18.1;
				MACOSX_DEPLOYMENT_TARGET = 15.1;
				MARKETING_VERSION = 1.0;
				PRODUCT_BUNDLE_IDENTIFIER = com.aidenw.PajeroUITests;
				PRODUCT_NAME = "$(TARGET_NAME)";
				SDKROOT = auto;
				SUPPORTED_PLATFORMS = "iphoneos iphonesimulator macosx xros xrsimulator";
				SWIFT_EMIT_LOC_STRINGS = NO;
				SWIFT_VERSION = 5.0;
				TARGETED_DEVICE_FAMILY = "1,2,7";
				TEST_TARGET_NAME = Pajero;
				XROS_DEPLOYMENT_TARGET = 2.1;
			};
			name = Debug;
		};
		033B06832D2679B10081FCB9 /* Release */ = {
			isa = XCBuildConfiguration;
			buildSettings = {
				CODE_SIGN_STYLE = Automatic;
				CURRENT_PROJECT_VERSION = 1;
				DEVELOPMENT_TEAM = 4Y4AD7CGLY;
				GENERATE_INFOPLIST_FILE = YES;
				IPHONEOS_DEPLOYMENT_TARGET = 18.1;
				MACOSX_DEPLOYMENT_TARGET = 15.1;
				MARKETING_VERSION = 1.0;
				PRODUCT_BUNDLE_IDENTIFIER = com.aidenw.PajeroUITests;
				PRODUCT_NAME = "$(TARGET_NAME)";
				SDKROOT = auto;
				SUPPORTED_PLATFORMS = "iphoneos iphonesimulator macosx xros xrsimulator";
				SWIFT_EMIT_LOC_STRINGS = NO;
				SWIFT_VERSION = 5.0;
				TARGETED_DEVICE_FAMILY = "1,2,7";
				TEST_TARGET_NAME = Pajero;
				XROS_DEPLOYMENT_TARGET = 2.1;
			};
			name = Release;
		};
/* End XCBuildConfiguration section */

/* Begin XCConfigurationList section */
		033B06512D2679B00081FCB9 /* Build configuration list for PBXProject "Pajero" */ = {
			isa = XCConfigurationList;
			buildConfigurations = (
				033B06792D2679B10081FCB9 /* Debug */,
				033B067A2D2679B10081FCB9 /* Release */,
			);
			defaultConfigurationIsVisible = 0;
			defaultConfigurationName = Release;
		};
		033B067B2D2679B10081FCB9 /* Build configuration list for PBXNativeTarget "Pajero" */ = {
			isa = XCConfigurationList;
			buildConfigurations = (
				033B067C2D2679B10081FCB9 /* Debug */,
				033B067D2D2679B10081FCB9 /* Release */,
			);
			defaultConfigurationIsVisible = 0;
			defaultConfigurationName = Release;
		};
		033B067E2D2679B10081FCB9 /* Build configuration list for PBXNativeTarget "PajeroTests" */ = {
			isa = XCConfigurationList;
			buildConfigurations = (
				033B067F2D2679B10081FCB9 /* Debug */,
				033B06802D2679B10081FCB9 /* Release */,
			);
			defaultConfigurationIsVisible = 0;
			defaultConfigurationName = Release;
		};
		033B06812D2679B10081FCB9 /* Build configuration list for PBXNativeTarget "PajeroUITests" */ = {
			isa = XCConfigurationList;
			buildConfigurations = (
				033B06822D2679B10081FCB9 /* Debug */,
				033B06832D2679B10081FCB9 /* Release */,
			);
			defaultConfigurationIsVisible = 0;
			defaultConfigurationName = Release;
		};
/* End XCConfigurationList section */

/* Begin XCLocalSwiftPackageReference section */
		034951212EC0740900DABAE1 /* XCLocalSwiftPackageReference "../../../Downloads/PopupView-4.1.15" */ = {
			isa = XCLocalSwiftPackageReference;
			relativePath = "../../../Downloads/PopupView-4.1.15";
		};
/* End XCLocalSwiftPackageReference section */
	};
	rootObject = 033B064E2D2679B00081FCB9 /* Project object */;
}
